{
  "name": "sharedcn",
  "version": "1.0.4",
  "lockfileVersion": 3,
  "requires": true,
  "packages": {
    "": {
      "name": "sharedcn",
      "version": "1.0.4",
      "dependencies": {
        "chalk": "^5.4.1"
      },
      "bin": {
        "sharedcn": "index.js"
      }
    },
    "node_modules/chalk": {
      "version": "5.4.1",
      "license": "MIT",
      "engines": {
        "node": "^12.17.0 || ^14.13 || >=16.0.0"
      },
      "funding": {
        "url": "https://github.com/chalk/chalk?sponsor=1"
      }
    }
  }
}
